
Microsoft Visual Studio Solution File, Format Version 12.00
# Visual Studio Version 17
VisualStudioVersion = 17.5.002.0
MinimumVisualStudioVersion = 10.0.40219.1
Project("{9A19103F-16F7-4668-BE54-9A1E7A4F7556}") = "HULK-2", "HULK-2.csproj", "{A29BB3D8-BF2B-40C2-B7C1-CE3968FBBBE5}"
EndProject
Global
	GlobalSection(SolutionConfigurationPlatforms) = preSolution
		Debug|Any CPU = Debug|Any CPU
		Release|Any CPU = Release|Any CPU
	EndGlobalSection
	GlobalSection(ProjectConfigurationPlatforms) = postSolution
		{A29BB3D8-BF2B-40C2-B7C1-CE3968FBBBE5}.Debug|Any CPU.ActiveCfg = Debug|Any CPU
		{A29BB3D8-BF2B-40C2-B7C1-CE3968FBBBE5}.Debug|Any CPU.Build.0 = Debug|Any CPU
		{A29BB3D8-BF2B-40C2-B7C1-CE3968FBBBE5}.Release|Any CPU.ActiveCfg = Release|Any CPU
		{A29BB3D8-BF2B-40C2-B7C1-CE3968FBBBE5}.Release|Any CPU.Build.0 = Release|Any CPU
	EndGlobalSection
	GlobalSection(SolutionProperties) = preSolution
		HideSolutionNode = FALSE
	EndGlobalSection
	GlobalSection(ExtensibilityGlobals) = postSolution
		SolutionGuid = {370C8A03-64DF-440A-8141-76BD86E36455}
	EndGlobalSection
EndGlobal
